
Microsoft Visual Studio Solution File, Format Version 12.00
# Visual Studio Version 17
VisualStudioVersion = 17.2.32602.215
MinimumVisualStudioVersion = 10.0.40219.1
Project("{FAE04EC0-301F-11D3-BF4B-00C04F79EFBC}") = "API", "API\API.csproj", "{070BA1D1-F182-4F05-9EB8-B47A9F1A305E}"
EndProject
Global
	GlobalSection(SolutionConfigurationPlatforms) = preSolution
		Debug|Any CPU = Debug|Any CPU
		Release|Any CPU = Release|Any CPU
	EndGlobalSection
	GlobalSection(ProjectConfigurationPlatforms) = postSolution
		{070BA1D1-F182-4F05-9EB8-B47A9F1A305E}.Debug|Any CPU.ActiveCfg = Debug|Any CPU
		{070BA1D1-F182-4F05-9EB8-B47A9F1A305E}.Debug|Any CPU.Build.0 = Debug|Any CPU
		{070BA1D1-F182-4F05-9EB8-B47A9F1A305E}.Release|Any CPU.ActiveCfg = Release|Any CPU
		{070BA1D1-F182-4F05-9EB8-B47A9F1A305E}.Release|Any CPU.Build.0 = Release|Any CPU
	EndGlobalSection
	GlobalSection(SolutionProperties) = preSolution
		HideSolutionNode = FALSE
	EndGlobalSection
	GlobalSection(ExtensibilityGlobals) = postSolution
		SolutionGuid = {56D72AB7-329C-4B8F-AA39-267EF22DC092}
	EndGlobalSection
EndGlobal
